Microsoft Visual Studio Solution File, Format Version 12.00
# Visual Studio Version 17
VisualStudioVersion = 17.1.32319.34
MinimumVisualStudioVersion = 10.0.40219.1
Project("{9A19103F-16F7-4668-BE54-9A1E7A4F7556}") = "Bookings.Domain", "Bookings.Domain\Bookings.Domain.csproj", "{EF2085BA-DC00-4F9B-A786-46DA0C415567}"
EndProject
Project("{9A19103F-16F7-4668-BE54-9A1E7A4F7556}") = "Bookings.Repositories", "Bookings.Repositories\Bookings.Repositories.csproj", "{94A5E287-AB3D-4969-AF3C-18A9E1828D2B}"
EndProject
Project("{9A19103F-16F7-4668-BE54-9A1E7A4F7556}") = "Bookings.PostgresRepositories", "Bookings.PostgresRepositories\Bookings.PostgresRepositories.csproj", "{A1B2C3D4-E5F6-7890-ABCD-EF1234567890}"
EndProject
Project("{9A19103F-16F7-4668-BE54-9A1E7A4F7556}") = "Bookings.Api", "Bookings.Api\Bookings.Api.csproj", "{1513DBF3-C2F2-4AF7-90CD-135EC2778E1D}"
EndProject
Project("{9A19103F-16F7-4668-BE54-9A1E7A4F7556}") = "Bookings.Bus", "Bookings.Bus\Bookings.Bus.csproj", "{C5E00AD1-4B8E-4C7E-9F80-48CCFE42841C}"
EndProject
Project("{2150E333-8FDC-42A3-9474-1A3956D46DE8}") = "Solution Items", "Solution Items", "{573BC861-EDF5-4EA9-9A70-19577E31B61C}"
	ProjectSection(SolutionItems) = preProject
		.dockerignore = .dockerignore
		.editorconfig = .editorconfig
		.env = .env
		.gitattributes = .gitattributes
		.gitignore = .gitignore
		README.md = README.md
		README-Database-Setup.md = README-Database-Setup.md
	EndProjectSection
EndProject
Project("{9A19103F-16F7-4668-BE54-9A1E7A4F7556}") = "Bookings.Infrastructure", "Bookings.Infrastructure\Bookings.Infrastructure.csproj", "{873137F2-8B84-4E68-844F-697ABC19B1AC}"
EndProject
Project("{2150E333-8FDC-42A3-9474-1A3956D46DE8}") = "Protos", "Protos", "{01B0CDA1-7B28-4640-A33C-11F5EA182D84}"
	ProjectSection(SolutionItems) = preProject
		Protos\bookings.proto = Protos\bookings.proto
	EndProjectSection
EndProject
Project("{9A19103F-16F7-4668-BE54-9A1E7A4F7556}") = "Bookings.Availability", "Bookings.Availability\Bookings.Availability.csproj", "{33130DCB-1AAD-481A-855E-C57A55852A64}"
EndProject
Project("{2150E333-8FDC-42A3-9474-1A3956D46DE8}") = "svc", "svc", "{9C2498DE-E114-415B-8189-1FE2681AB597}"
EndProject
Project("{2150E333-8FDC-42A3-9474-1A3956D46DE8}") = "src", "src", "{2D518F83-2DBF-46CC-ADCD-ED04D4C13265}"
EndProject
Project("{FAE04EC0-301F-11D3-BF4B-00C04F79EFBC}") = "Bookings.Hotels", "Bookings.Hotels\Bookings.Hotels.csproj", "{2E0E1C18-13E4-4D00-9EFB-1C1D32189F6E}"
EndProject
Project("{E53339B2-1760-4266-BCC7-CA923CBCF16C}") = "docker-compose", "docker-compose.dcproj", "{3378F0D8-9A08-4309-9154-67585BEF0B15}"
EndProject
Project("{FAE04EC0-301F-11D3-BF4B-00C04F79EFBC}") = "Bookings.Application", "Bookings.Application\Bookings.Application.csproj", "{F214A6AF-CEF8-49AD-9F3C-CE874062FDAE}"
EndProject
Project("{2150E333-8FDC-42A3-9474-1A3956D46DE8}") = "common", "common", "{02EA681E-C7D8-13C7-8484-4AC65E1B71E8}"
EndProject
Global
	GlobalSection(SolutionConfigurationPlatforms) = preSolution
		Debug|Any CPU = Debug|Any CPU
		Debug|x64 = Debug|x64
		Debug|x86 = Debug|x86
		Release|Any CPU = Release|Any CPU
		Release|x64 = Release|x64
		Release|x86 = Release|x86
	EndGlobalSection
	GlobalSection(ProjectConfigurationPlatforms) = postSolution
		{EF2085BA-DC00-4F9B-A786-46DA0C415567}.Debug|Any CPU.ActiveCfg = Debug|Any CPU
		{EF2085BA-DC00-4F9B-A786-46DA0C415567}.Debug|Any CPU.Build.0 = Debug|Any CPU
		{EF2085BA-DC00-4F9B-A786-46DA0C415567}.Debug|x64.ActiveCfg = Debug|Any CPU
		{EF2085BA-DC00-4F9B-A786-46DA0C415567}.Debug|x64.Build.0 = Debug|Any CPU
		{EF2085BA-DC00-4F9B-A786-46DA0C415567}.Debug|x86.ActiveCfg = Debug|Any CPU
		{EF2085BA-DC00-4F9B-A786-46DA0C415567}.Debug|x86.Build.0 = Debug|Any CPU
		{EF2085BA-DC00-4F9B-A786-46DA0C415567}.Release|Any CPU.ActiveCfg = Release|Any CPU
		{EF2085BA-DC00-4F9B-A786-46DA0C415567}.Release|Any CPU.Build.0 = Release|Any CPU
		{EF2085BA-DC00-4F9B-A786-46DA0C415567}.Release|x64.ActiveCfg = Release|Any CPU
		{EF2085BA-DC00-4F9B-A786-46DA0C415567}.Release|x64.Build.0 = Release|Any CPU
		{EF2085BA-DC00-4F9B-A786-46DA0C415567}.Release|x86.ActiveCfg = Release|Any CPU
		{EF2085BA-DC00-4F9B-A786-46DA0C415567}.Release|x86.Build.0 = Release|Any CPU
		{94A5E287-AB3D-4969-AF3C-18A9E1828D2B}.Debug|Any CPU.ActiveCfg = Debug|Any CPU
		{94A5E287-AB3D-4969-AF3C-18A9E1828D2B}.Debug|Any CPU.Build.0 = Debug|Any CPU
		{94A5E287-AB3D-4969-AF3C-18A9E1828D2B}.Debug|x64.ActiveCfg = Debug|Any CPU
		{94A5E287-AB3D-4969-AF3C-18A9E1828D2B}.Debug|x64.Build.0 = Debug|Any CPU
		{94A5E287-AB3D-4969-AF3C-18A9E1828D2B}.Debug|x86.ActiveCfg = Debug|Any CPU
		{94A5E287-AB3D-4969-AF3C-18A9E1828D2B}.Debug|x86.Build.0 = Debug|Any CPU
		{94A5E287-AB3D-4969-AF3C-18A9E1828D2B}.Release|Any CPU.ActiveCfg = Release|Any CPU
		{94A5E287-AB3D-4969-AF3C-18A9E1828D2B}.Release|Any CPU.Build.0 = Release|Any CPU
		{94A5E287-AB3D-4969-AF3C-18A9E1828D2B}.Release|x64.ActiveCfg = Release|Any CPU
		{94A5E287-AB3D-4969-AF3C-18A9E1828D2B}.Release|x64.Build.0 = Release|Any CPU
		{94A5E287-AB3D-4969-AF3C-18A9E1828D2B}.Release|x86.ActiveCfg = Release|Any CPU
		{94A5E287-AB3D-4969-AF3C-18A9E1828D2B}.Release|x86.Build.0 = Release|Any CPU
		{A1B2C3D4-E5F6-7890-ABCD-EF1234567890}.Debug|Any CPU.ActiveCfg = Debug|Any CPU
		{A1B2C3D4-E5F6-7890-ABCD-EF1234567890}.Debug|Any CPU.Build.0 = Debug|Any CPU
		{A1B2C3D4-E5F6-7890-ABCD-EF1234567890}.Debug|x64.ActiveCfg = Debug|Any CPU
		{A1B2C3D4-E5F6-7890-ABCD-EF1234567890}.Debug|x64.Build.0 = Debug|Any CPU
		{A1B2C3D4-E5F6-7890-ABCD-EF1234567890}.Debug|x86.ActiveCfg = Debug|Any CPU
		{A1B2C3D4-E5F6-7890-ABCD-EF1234567890}.Debug|x86.Build.0 = Debug|Any CPU
		{A1B2C3D4-E5F6-7890-ABCD-EF1234567890}.Release|Any CPU.ActiveCfg = Release|Any CPU
		{A1B2C3D4-E5F6-7890-ABCD-EF1234567890}.Release|Any CPU.Build.0 = Release|Any CPU
		{A1B2C3D4-E5F6-7890-ABCD-EF1234567890}.Release|x64.ActiveCfg = Release|Any CPU
		{A1B2C3D4-E5F6-7890-ABCD-EF1234567890}.Release|x64.Build.0 = Release|Any CPU
		{A1B2C3D4-E5F6-7890-ABCD-EF1234567890}.Release|x86.ActiveCfg = Release|Any CPU
		{A1B2C3D4-E5F6-7890-ABCD-EF1234567890}.Release|x86.Build.0 = Release|Any CPU
		{1513DBF3-C2F2-4AF7-90CD-135EC2778E1D}.Debug|Any CPU.ActiveCfg = Debug|Any CPU
		{1513DBF3-C2F2-4AF7-90CD-135EC2778E1D}.Debug|Any CPU.Build.0 = Debug|Any CPU
		{1513DBF3-C2F2-4AF7-90CD-135EC2778E1D}.Debug|x64.ActiveCfg = Debug|Any CPU
		{1513DBF3-C2F2-4AF7-90CD-135EC2778E1D}.Debug|x64.Build.0 = Debug|Any CPU
		{1513DBF3-C2F2-4AF7-90CD-135EC2778E1D}.Debug|x86.ActiveCfg = Debug|Any CPU
		{1513DBF3-C2F2-4AF7-90CD-135EC2778E1D}.Debug|x86.Build.0 = Debug|Any CPU
		{1513DBF3-C2F2-4AF7-90CD-135EC2778E1D}.Release|Any CPU.ActiveCfg = Release|Any CPU
		{1513DBF3-C2F2-4AF7-90CD-135EC2778E1D}.Release|Any CPU.Build.0 = Release|Any CPU
		{1513DBF3-C2F2-4AF7-90CD-135EC2778E1D}.Release|x64.ActiveCfg = Release|Any CPU
		{1513DBF3-C2F2-4AF7-90CD-135EC2778E1D}.Release|x64.Build.0 = Release|Any CPU
		{1513DBF3-C2F2-4AF7-90CD-135EC2778E1D}.Release|x86.ActiveCfg = Release|Any CPU
		{1513DBF3-C2F2-4AF7-90CD-135EC2778E1D}.Release|x86.Build.0 = Release|Any CPU
		{C5E00AD1-4B8E-4C7E-9F80-48CCFE42841C}.Debug|Any CPU.ActiveCfg = Debug|Any CPU
		{C5E00AD1-4B8E-4C7E-9F80-48CCFE42841C}.Debug|Any CPU.Build.0 = Debug|Any CPU
		{C5E00AD1-4B8E-4C7E-9F80-48CCFE42841C}.Debug|x64.ActiveCfg = Debug|Any CPU
		{C5E00AD1-4B8E-4C7E-9F80-48CCFE42841C}.Debug|x64.Build.0 = Debug|Any CPU
		{C5E00AD1-4B8E-4C7E-9F80-48CCFE42841C}.Debug|x86.ActiveCfg = Debug|Any CPU
		{C5E00AD1-4B8E-4C7E-9F80-48CCFE42841C}.Debug|x86.Build.0 = Debug|Any CPU
		{C5E00AD1-4B8E-4C7E-9F80-48CCFE42841C}.Release|Any CPU.ActiveCfg = Release|Any CPU
		{C5E00AD1-4B8E-4C7E-9F80-48CCFE42841C}.Release|Any CPU.Build.0 = Release|Any CPU
		{C5E00AD1-4B8E-4C7E-9F80-48CCFE42841C}.Release|x64.ActiveCfg = Release|Any CPU
		{C5E00AD1-4B8E-4C7E-9F80-48CCFE42841C}.Release|x64.Build.0 = Release|Any CPU
		{C5E00AD1-4B8E-4C7E-9F80-48CCFE42841C}.Release|x86.ActiveCfg = Release|Any CPU
		{C5E00AD1-4B8E-4C7E-9F80-48CCFE42841C}.Release|x86.Build.0 = Release|Any CPU
		{873137F2-8B84-4E68-844F-697ABC19B1AC}.Debug|Any CPU.ActiveCfg = Debug|Any CPU
		{873137F2-8B84-4E68-844F-697ABC19B1AC}.Debug|Any CPU.Build.0 = Debug|Any CPU
		{873137F2-8B84-4E68-844F-697ABC19B1AC}.Debug|x64.ActiveCfg = Debug|Any CPU
		{873137F2-8B84-4E68-844F-697ABC19B1AC}.Debug|x64.Build.0 = Debug|Any CPU
		{873137F2-8B84-4E68-844F-697ABC19B1AC}.Debug|x86.ActiveCfg = Debug|Any CPU
		{873137F2-8B84-4E68-844F-697ABC19B1AC}.Debug|x86.Build.0 = Debug|Any CPU
		{873137F2-8B84-4E68-844F-697ABC19B1AC}.Release|Any CPU.ActiveCfg = Release|Any CPU
		{873137F2-8B84-4E68-844F-697ABC19B1AC}.Release|Any CPU.Build.0 = Release|Any CPU
		{873137F2-8B84-4E68-844F-697ABC19B1AC}.Release|x64.ActiveCfg = Release|Any CPU
		{873137F2-8B84-4E68-844F-697ABC19B1AC}.Release|x64.Build.0 = Release|Any CPU
		{873137F2-8B84-4E68-844F-697ABC19B1AC}.Release|x86.ActiveCfg = Release|Any CPU
		{873137F2-8B84-4E68-844F-697ABC19B1AC}.Release|x86.Build.0 = Release|Any CPU
		{33130DCB-1AAD-481A-855E-C57A55852A64}.Debug|Any CPU.ActiveCfg = Debug|Any CPU
		{33130DCB-1AAD-481A-855E-C57A55852A64}.Debug|Any CPU.Build.0 = Debug|Any CPU
		{33130DCB-1AAD-481A-855E-C57A55852A64}.Debug|x64.ActiveCfg = Debug|Any CPU
		{33130DCB-1AAD-481A-855E-C57A55852A64}.Debug|x64.Build.0 = Debug|Any CPU
		{33130DCB-1AAD-481A-855E-C57A55852A64}.Debug|x86.ActiveCfg = Debug|Any CPU
		{33130DCB-1AAD-481A-855E-C57A55852A64}.Debug|x86.Build.0 = Debug|Any CPU
		{33130DCB-1AAD-481A-855E-C57A55852A64}.Release|Any CPU.ActiveCfg = Release|Any CPU
		{33130DCB-1AAD-481A-855E-C57A55852A64}.Release|Any CPU.Build.0 = Release|Any CPU
		{33130DCB-1AAD-481A-855E-C57A55852A64}.Release|x64.ActiveCfg = Release|Any CPU
		{33130DCB-1AAD-481A-855E-C57A55852A64}.Release|x64.Build.0 = Release|Any CPU
		{33130DCB-1AAD-481A-855E-C57A55852A64}.Release|x86.ActiveCfg = Release|Any CPU
		{33130DCB-1AAD-481A-855E-C57A55852A64}.Release|x86.Build.0 = Release|Any CPU
		{2E0E1C18-13E4-4D00-9EFB-1C1D32189F6E}.Debug|Any CPU.ActiveCfg = Debug|Any CPU
		{2E0E1C18-13E4-4D00-9EFB-1C1D32189F6E}.Debug|Any CPU.Build.0 = Debug|Any CPU
		{2E0E1C18-13E4-4D00-9EFB-1C1D32189F6E}.Debug|x64.ActiveCfg = Debug|Any CPU
		{2E0E1C18-13E4-4D00-9EFB-1C1D32189F6E}.Debug|x64.Build.0 = Debug|Any CPU
		{2E0E1C18-13E4-4D00-9EFB-1C1D32189F6E}.Debug|x86.ActiveCfg = Debug|Any CPU
		{2E0E1C18-13E4-4D00-9EFB-1C1D32189F6E}.Debug|x86.Build.0 = Debug|Any CPU
		{2E0E1C18-13E4-4D00-9EFB-1C1D32189F6E}.Release|Any CPU.ActiveCfg = Release|Any CPU
		{2E0E1C18-13E4-4D00-9EFB-1C1D32189F6E}.Release|Any CPU.Build.0 = Release|Any CPU
		{2E0E1C18-13E4-4D00-9EFB-1C1D32189F6E}.Release|x64.ActiveCfg = Release|Any CPU
		{2E0E1C18-13E4-4D00-9EFB-1C1D32189F6E}.Release|x64.Build.0 = Release|Any CPU
		{2E0E1C18-13E4-4D00-9EFB-1C1D32189F6E}.Release|x86.ActiveCfg = Release|Any CPU
		{2E0E1C18-13E4-4D00-9EFB-1C1D32189F6E}.Release|x86.Build.0 = Release|Any CPU
		{3378F0D8-9A08-4309-9154-67585BEF0B15}.Debug|Any CPU.ActiveCfg = Debug|Any CPU
		{3378F0D8-9A08-4309-9154-67585BEF0B15}.Debug|Any CPU.Build.0 = Debug|Any CPU
		{3378F0D8-9A08-4309-9154-67585BEF0B15}.Debug|x64.ActiveCfg = Debug|x64
		{3378F0D8-9A08-4309-9154-67585BEF0B15}.Debug|x86.ActiveCfg = Debug|x86
		{3378F0D8-9A08-4309-9154-67585BEF0B15}.Release|Any CPU.ActiveCfg = Release|Any CPU
		{3378F0D8-9A08-4309-9154-67585BEF0B15}.Release|Any CPU.Build.0 = Release|Any CPU
		{3378F0D8-9A08-4309-9154-67585BEF0B15}.Release|x64.ActiveCfg = Release|x64
		{3378F0D8-9A08-4309-9154-67585BEF0B15}.Release|x86.ActiveCfg = Release|x86
		{F214A6AF-CEF8-49AD-9F3C-CE874062FDAE}.Debug|Any CPU.ActiveCfg = Debug|Any CPU
		{F214A6AF-CEF8-49AD-9F3C-CE874062FDAE}.Debug|Any CPU.Build.0 = Debug|Any CPU
		{F214A6AF-CEF8-49AD-9F3C-CE874062FDAE}.Debug|x64.ActiveCfg = Debug|Any CPU
		{F214A6AF-CEF8-49AD-9F3C-CE874062FDAE}.Debug|x64.Build.0 = Debug|Any CPU
		{F214A6AF-CEF8-49AD-9F3C-CE874062FDAE}.Debug|x86.ActiveCfg = Debug|Any CPU
		{F214A6AF-CEF8-49AD-9F3C-CE874062FDAE}.Debug|x86.Build.0 = Debug|Any CPU
		{F214A6AF-CEF8-49AD-9F3C-CE874062FDAE}.Release|Any CPU.ActiveCfg = Release|Any CPU
		{F214A6AF-CEF8-49AD-9F3C-CE874062FDAE}.Release|Any CPU.Build.0 = Release|Any CPU
		{F214A6AF-CEF8-49AD-9F3C-CE874062FDAE}.Release|x64.ActiveCfg = Release|Any CPU
		{F214A6AF-CEF8-49AD-9F3C-CE874062FDAE}.Release|x64.Build.0 = Release|Any CPU
		{F214A6AF-CEF8-49AD-9F3C-CE874062FDAE}.Release|x86.ActiveCfg = Release|Any CPU
		{F214A6AF-CEF8-49AD-9F3C-CE874062FDAE}.Release|x86.Build.0 = Release|Any CPU
	EndGlobalSection
	GlobalSection(SolutionProperties) = preSolution
		HideSolutionNode = FALSE
	EndGlobalSection
	GlobalSection(NestedProjects) = preSolution
		{EF2085BA-DC00-4F9B-A786-46DA0C415567} = {02EA681E-C7D8-13C7-8484-4AC65E1B71E8}
		{94A5E287-AB3D-4969-AF3C-18A9E1828D2B} = {2D518F83-2DBF-46CC-ADCD-ED04D4C13265}
		{A1B2C3D4-E5F6-7890-ABCD-EF1234567890} = {2D518F83-2DBF-46CC-ADCD-ED04D4C13265}
		{1513DBF3-C2F2-4AF7-90CD-135EC2778E1D} = {9C2498DE-E114-415B-8189-1FE2681AB597}
		{C5E00AD1-4B8E-4C7E-9F80-48CCFE42841C} = {2D518F83-2DBF-46CC-ADCD-ED04D4C13265}
		{873137F2-8B84-4E68-844F-697ABC19B1AC} = {2D518F83-2DBF-46CC-ADCD-ED04D4C13265}
		{01B0CDA1-7B28-4640-A33C-11F5EA182D84} = {573BC861-EDF5-4EA9-9A70-19577E31B61C}
		{33130DCB-1AAD-481A-855E-C57A55852A64} = {9C2498DE-E114-415B-8189-1FE2681AB597}
		{9C2498DE-E114-415B-8189-1FE2681AB597} = {2D518F83-2DBF-46CC-ADCD-ED04D4C13265}
		{2E0E1C18-13E4-4D00-9EFB-1C1D32189F6E} = {9C2498DE-E114-415B-8189-1FE2681AB597}
		{F214A6AF-CEF8-49AD-9F3C-CE874062FDAE} = {02EA681E-C7D8-13C7-8484-4AC65E1B71E8}
		{02EA681E-C7D8-13C7-8484-4AC65E1B71E8} = {2D518F83-2DBF-46CC-ADCD-ED04D4C13265}
	EndGlobalSection
	GlobalSection(ExtensibilityGlobals) = postSolution
		SolutionGuid = {537FB610-56AC-46D1-9B51-D77370C9A31C}
	EndGlobalSection
EndGlobal
