
Microsoft Visual Studio Solution File, Format Version 12.00
# Visual Studio Version 17
VisualStudioVersion = 17.1.32319.34
MinimumVisualStudioVersion = 10.0.40219.1
Project("{9A19103F-16F7-4668-BE54-9A1E7A4F7556}") = "Bookings.Domain", "Bookings.Domain\Bookings.Domain.csproj", "{EF2085BA-DC00-4F9B-A786-46DA0C415567}"
EndProject
Project("{9A19103F-16F7-4668-BE54-9A1E7A4F7556}") = "Bookings.Repositories", "Bookings.Repositories\Bookings.Repositories.csproj", "{94A5E287-AB3D-4969-AF3C-18A9E1828D2B}"
EndProject
Project("{9A19103F-16F7-4668-BE54-9A1E7A4F7556}") = "Bookings.Storage", "Bookings.Storage\Bookings.Storage.csproj", "{CBBD05B9-AB7B-4F36-BCDF-3495CD3EBC62}"
EndProject
Project("{9A19103F-16F7-4668-BE54-9A1E7A4F7556}") = "Bookings.AvailableRooms", "Bookings.AvailableRooms\Bookings.AvailableRooms.csproj", "{7DE76079-B591-466A-97F1-A52064BDD41B}"
EndProject
Project("{FAE04EC0-301F-11D3-BF4B-00C04F79EFBC}") = "Bookings.Main", "Bookings.Main\Bookings.Main.csproj", "{1513DBF3-C2F2-4AF7-90CD-135EC2778E1D}"
EndProject
Global
	GlobalSection(SolutionConfigurationPlatforms) = preSolution
		Debug|Any CPU = Debug|Any CPU
		Release|Any CPU = Release|Any CPU
	EndGlobalSection
	GlobalSection(ProjectConfigurationPlatforms) = postSolution
		{EF2085BA-DC00-4F9B-A786-46DA0C415567}.Debug|Any CPU.ActiveCfg = Debug|Any CPU
		{EF2085BA-DC00-4F9B-A786-46DA0C415567}.Debug|Any CPU.Build.0 = Debug|Any CPU
		{EF2085BA-DC00-4F9B-A786-46DA0C415567}.Release|Any CPU.ActiveCfg = Release|Any CPU
		{EF2085BA-DC00-4F9B-A786-46DA0C415567}.Release|Any CPU.Build.0 = Release|Any CPU
		{94A5E287-AB3D-4969-AF3C-18A9E1828D2B}.Debug|Any CPU.ActiveCfg = Debug|Any CPU
		{94A5E287-AB3D-4969-AF3C-18A9E1828D2B}.Debug|Any CPU.Build.0 = Debug|Any CPU
		{94A5E287-AB3D-4969-AF3C-18A9E1828D2B}.Release|Any CPU.ActiveCfg = Release|Any CPU
		{94A5E287-AB3D-4969-AF3C-18A9E1828D2B}.Release|Any CPU.Build.0 = Release|Any CPU
		{CBBD05B9-AB7B-4F36-BCDF-3495CD3EBC62}.Debug|Any CPU.ActiveCfg = Debug|Any CPU
		{CBBD05B9-AB7B-4F36-BCDF-3495CD3EBC62}.Debug|Any CPU.Build.0 = Debug|Any CPU
		{CBBD05B9-AB7B-4F36-BCDF-3495CD3EBC62}.Release|Any CPU.ActiveCfg = Release|Any CPU
		{CBBD05B9-AB7B-4F36-BCDF-3495CD3EBC62}.Release|Any CPU.Build.0 = Release|Any CPU
		{7DE76079-B591-466A-97F1-A52064BDD41B}.Debug|Any CPU.ActiveCfg = Debug|Any CPU
		{7DE76079-B591-466A-97F1-A52064BDD41B}.Debug|Any CPU.Build.0 = Debug|Any CPU
		{7DE76079-B591-466A-97F1-A52064BDD41B}.Release|Any CPU.ActiveCfg = Release|Any CPU
		{7DE76079-B591-466A-97F1-A52064BDD41B}.Release|Any CPU.Build.0 = Release|Any CPU
		{1513DBF3-C2F2-4AF7-90CD-135EC2778E1D}.Debug|Any CPU.ActiveCfg = Debug|Any CPU
		{1513DBF3-C2F2-4AF7-90CD-135EC2778E1D}.Debug|Any CPU.Build.0 = Debug|Any CPU
		{1513DBF3-C2F2-4AF7-90CD-135EC2778E1D}.Release|Any CPU.ActiveCfg = Release|Any CPU
		{1513DBF3-C2F2-4AF7-90CD-135EC2778E1D}.Release|Any CPU.Build.0 = Release|Any CPU
	EndGlobalSection
	GlobalSection(SolutionProperties) = preSolution
		HideSolutionNode = FALSE
	EndGlobalSection
	GlobalSection(ExtensibilityGlobals) = postSolution
		SolutionGuid = {537FB610-56AC-46D1-9B51-D77370C9A31C}
	EndGlobalSection
EndGlobal
